
Microsoft Visual Studio Solution File, Format Version 12.00
# Visual Studio Version 17
VisualStudioVersion = 17.14.37301.10 d17.14
MinimumVisualStudioVersion = 10.0.40219.1
Project("{FAE04EC0-301F-11D3-BF4B-00C04F79EFBC}") = "anniversary-wall", "anniversary-wall.csproj", "{0EF67EDE-010A-36D5-6442-51FCD1FEDC11}"
EndProject
Global
	GlobalSection(SolutionConfigurationPlatforms) = preSolution
		Debug|Any CPU = Debug|Any CPU
		Release|Any CPU = Release|Any CPU
	EndGlobalSection
	GlobalSection(ProjectConfigurationPlatforms) = postSolution
		{0EF67EDE-010A-36D5-6442-51FCD1FEDC11}.Debug|Any CPU.ActiveCfg = Debug|Any CPU
		{0EF67EDE-010A-36D5-6442-51FCD1FEDC11}.Debug|Any CPU.Build.0 = Debug|Any CPU
		{0EF67EDE-010A-36D5-6442-51FCD1FEDC11}.Release|Any CPU.ActiveCfg = Release|Any CPU
		{0EF67EDE-010A-36D5-6442-51FCD1FEDC11}.Release|Any CPU.Build.0 = Release|Any CPU
	EndGlobalSection
	GlobalSection(SolutionProperties) = preSolution
		HideSolutionNode = FALSE
	EndGlobalSection
	GlobalSection(ExtensibilityGlobals) = postSolution
		SolutionGuid = {D0858EAF-DDAA-4F40-A666-5EEA31447F63}
	EndGlobalSection
EndGlobal
